
Microsoft Visual Studio Solution File, Format Version 12.00
# Visual Studio Version 17
VisualStudioVersion = 17.4.33103.184
MinimumVisualStudioVersion = 10.0.40219.1
Project("{9A19103F-16F7-4668-BE54-9A1E7A4F7556}") = "InsuApp1", "InsuApp\InsuApp1.csproj", "{310201F8-4B54-4A10-9CC0-462EACB02826}"
EndProject
Global
	GlobalSection(SolutionConfigurationPlatforms) = preSolution
		Debug|Any CPU = Debug|Any CPU
		Release|Any CPU = Release|Any CPU
	EndGlobalSection
	GlobalSection(ProjectConfigurationPlatforms) = postSolution
		{310201F8-4B54-4A10-9CC0-462EACB02826}.Debug|Any CPU.ActiveCfg = Debug|Any CPU
		{310201F8-4B54-4A10-9CC0-462EACB02826}.Debug|Any CPU.Build.0 = Debug|Any CPU
		{310201F8-4B54-4A10-9CC0-462EACB02826}.Release|Any CPU.ActiveCfg = Release|Any CPU
		{310201F8-4B54-4A10-9CC0-462EACB02826}.Release|Any CPU.Build.0 = Release|Any CPU
	EndGlobalSection
	GlobalSection(SolutionProperties) = preSolution
		HideSolutionNode = FALSE
	EndGlobalSection
	GlobalSection(ExtensibilityGlobals) = postSolution
		SolutionGuid = {4768C151-3D8F-458C-B1C8-1567EF45DFF6}
	EndGlobalSection
EndGlobal
